
Microsoft Visual Studio Solution File, Format Version 12.00
# Visual Studio Version 16
VisualStudioVersion = 16.0.30309.148
MinimumVisualStudioVersion = 10.0.40219.1
Project("{2150E333-8FDC-42A3-9474-1A3956D46DE8}") = "Agnostic", "Agnostic", "{D7FF5CCC-7E71-4148-A64A-AAF37E777D6E}"
EndProject
Project("{9A19103F-16F7-4668-BE54-9A1E7A4F7556}") = "Agnostic.Core", "Agnostic\Core\Agnostic.Core.csproj", "{6E77DBE1-6820-4844-8162-B2346964C259}"
EndProject
Project("{9A19103F-16F7-4668-BE54-9A1E7A4F7556}") = "Agnostic.UI", "Agnostic\Ui\Agnostic.UI.csproj", "{8C08E668-2A65-48E8-BA26-5B826D1A5896}"
EndProject
Project("{2150E333-8FDC-42A3-9474-1A3956D46DE8}") = "Demo", "Demo", "{FE45A5FB-9A22-499D-B0BE-3221A8A692CA}"
EndProject
Project("{9A19103F-16F7-4668-BE54-9A1E7A4F7556}") = "CommandLine.Demo", "Demo\CommandLine.Demo\CommandLine.Demo.csproj", "{D0A93A86-C69F-461F-9EDB-16D948C347FF}"
EndProject
Project("{9A19103F-16F7-4668-BE54-9A1E7A4F7556}") = "CommandLine.Demo.Sampler", "Demo\CommandLine.Demo.Sampler\CommandLine.Demo.Sampler.csproj", "{99AC78D4-0B00-4C6E-A545-C19468866F25}"
EndProject
Project("{2150E333-8FDC-42A3-9474-1A3956D46DE8}") = "Localization", "Localization", "{3626F8B7-DC18-4792-99C0-4E4AA3588ABC}"
EndProject
Project("{9A19103F-16F7-4668-BE54-9A1E7A4F7556}") = "Demo.ResourceDictionary.Source", "Demo\Shared.Resources\Demo.ResourceDictionary.Source.csproj", "{74ADAA28-DE06-40B1-986B-007D49ABACA3}"
EndProject
Project("{9A19103F-16F7-4668-BE54-9A1E7A4F7556}") = "Editor.Demo", "Demo\Editor.Demo\Editor.Demo.csproj", "{54B6DE25-9FDE-4B6C-AE26-4A71CDBF7F53}"
EndProject
Project("{9A19103F-16F7-4668-BE54-9A1E7A4F7556}") = "Agnostic.UI.Enumeration.Controls", "Agnostic\Enumeration.Controls\Agnostic.UI.Enumeration.Controls.csproj", "{120765C1-6C36-4599-B11A-14421C8E754D}"
EndProject
Project("{9A19103F-16F7-4668-BE54-9A1E7A4F7556}") = "Plugin.CommandLine.Demo.ru-RU", "Localization\ru-RU\CommandLine.Demo\Plugin.CommandLine.Demo.ru-RU.csproj", "{D53EAAEC-CDE2-42EB-AE39-3FF51E0B85E3}"
EndProject
Project("{9A19103F-16F7-4668-BE54-9A1E7A4F7556}") = "Plugin.Editor.Demo.ru-RU", "Localization\ru-RU\Editor.Demo\Plugin.Editor.Demo.ru-RU.csproj", "{FD3ED945-51B2-4552-8A2F-2D3FA1132425}"
EndProject
Project("{9A19103F-16F7-4668-BE54-9A1E7A4F7556}") = "Agnostic.Enumerations", "Agnostic\Core\Agnostic.Enumerations.csproj", "{940380F5-D6BF-44EF-92F7-C80EB7BE5883}"
EndProject
Project("{9A19103F-16F7-4668-BE54-9A1E7A4F7556}") = "Agnostic.CommandLine", "Agnostic\Core\Agnostic.CommandLine.csproj", "{2E228295-EC6C-4389-B76F-B301ED4AEF3A}"
EndProject
Global
	GlobalSection(SolutionConfigurationPlatforms) = preSolution
		Debug|Any CPU = Debug|Any CPU
		Release|Any CPU = Release|Any CPU
	EndGlobalSection
	GlobalSection(ProjectConfigurationPlatforms) = postSolution
		{6E77DBE1-6820-4844-8162-B2346964C259}.Debug|Any CPU.ActiveCfg = Debug|Any CPU
		{6E77DBE1-6820-4844-8162-B2346964C259}.Debug|Any CPU.Build.0 = Debug|Any CPU
		{6E77DBE1-6820-4844-8162-B2346964C259}.Release|Any CPU.ActiveCfg = Release|Any CPU
		{6E77DBE1-6820-4844-8162-B2346964C259}.Release|Any CPU.Build.0 = Release|Any CPU
		{8C08E668-2A65-48E8-BA26-5B826D1A5896}.Debug|Any CPU.ActiveCfg = Debug|Any CPU
		{8C08E668-2A65-48E8-BA26-5B826D1A5896}.Debug|Any CPU.Build.0 = Debug|Any CPU
		{8C08E668-2A65-48E8-BA26-5B826D1A5896}.Release|Any CPU.ActiveCfg = Release|Any CPU
		{8C08E668-2A65-48E8-BA26-5B826D1A5896}.Release|Any CPU.Build.0 = Release|Any CPU
		{D0A93A86-C69F-461F-9EDB-16D948C347FF}.Debug|Any CPU.ActiveCfg = Debug|Any CPU
		{D0A93A86-C69F-461F-9EDB-16D948C347FF}.Debug|Any CPU.Build.0 = Debug|Any CPU
		{D0A93A86-C69F-461F-9EDB-16D948C347FF}.Release|Any CPU.ActiveCfg = Release|Any CPU
		{D0A93A86-C69F-461F-9EDB-16D948C347FF}.Release|Any CPU.Build.0 = Release|Any CPU
		{99AC78D4-0B00-4C6E-A545-C19468866F25}.Debug|Any CPU.ActiveCfg = Debug|Any CPU
		{99AC78D4-0B00-4C6E-A545-C19468866F25}.Debug|Any CPU.Build.0 = Debug|Any CPU
		{99AC78D4-0B00-4C6E-A545-C19468866F25}.Release|Any CPU.ActiveCfg = Release|Any CPU
		{99AC78D4-0B00-4C6E-A545-C19468866F25}.Release|Any CPU.Build.0 = Release|Any CPU
		{74ADAA28-DE06-40B1-986B-007D49ABACA3}.Debug|Any CPU.ActiveCfg = Debug|Any CPU
		{74ADAA28-DE06-40B1-986B-007D49ABACA3}.Debug|Any CPU.Build.0 = Debug|Any CPU
		{74ADAA28-DE06-40B1-986B-007D49ABACA3}.Release|Any CPU.ActiveCfg = Release|Any CPU
		{74ADAA28-DE06-40B1-986B-007D49ABACA3}.Release|Any CPU.Build.0 = Release|Any CPU
		{54B6DE25-9FDE-4B6C-AE26-4A71CDBF7F53}.Debug|Any CPU.ActiveCfg = Debug|Any CPU
		{54B6DE25-9FDE-4B6C-AE26-4A71CDBF7F53}.Debug|Any CPU.Build.0 = Debug|Any CPU
		{54B6DE25-9FDE-4B6C-AE26-4A71CDBF7F53}.Release|Any CPU.ActiveCfg = Release|Any CPU
		{54B6DE25-9FDE-4B6C-AE26-4A71CDBF7F53}.Release|Any CPU.Build.0 = Release|Any CPU
		{120765C1-6C36-4599-B11A-14421C8E754D}.Debug|Any CPU.ActiveCfg = Debug|Any CPU
		{120765C1-6C36-4599-B11A-14421C8E754D}.Debug|Any CPU.Build.0 = Debug|Any CPU
		{120765C1-6C36-4599-B11A-14421C8E754D}.Release|Any CPU.ActiveCfg = Release|Any CPU
		{120765C1-6C36-4599-B11A-14421C8E754D}.Release|Any CPU.Build.0 = Release|Any CPU
		{D53EAAEC-CDE2-42EB-AE39-3FF51E0B85E3}.Debug|Any CPU.ActiveCfg = Debug|Any CPU
		{D53EAAEC-CDE2-42EB-AE39-3FF51E0B85E3}.Debug|Any CPU.Build.0 = Debug|Any CPU
		{D53EAAEC-CDE2-42EB-AE39-3FF51E0B85E3}.Release|Any CPU.ActiveCfg = Release|Any CPU
		{D53EAAEC-CDE2-42EB-AE39-3FF51E0B85E3}.Release|Any CPU.Build.0 = Release|Any CPU
		{FD3ED945-51B2-4552-8A2F-2D3FA1132425}.Debug|Any CPU.ActiveCfg = Debug|Any CPU
		{FD3ED945-51B2-4552-8A2F-2D3FA1132425}.Debug|Any CPU.Build.0 = Debug|Any CPU
		{FD3ED945-51B2-4552-8A2F-2D3FA1132425}.Release|Any CPU.ActiveCfg = Release|Any CPU
		{FD3ED945-51B2-4552-8A2F-2D3FA1132425}.Release|Any CPU.Build.0 = Release|Any CPU
		{940380F5-D6BF-44EF-92F7-C80EB7BE5883}.Debug|Any CPU.ActiveCfg = Debug|Any CPU
		{940380F5-D6BF-44EF-92F7-C80EB7BE5883}.Debug|Any CPU.Build.0 = Debug|Any CPU
		{940380F5-D6BF-44EF-92F7-C80EB7BE5883}.Release|Any CPU.ActiveCfg = Release|Any CPU
		{940380F5-D6BF-44EF-92F7-C80EB7BE5883}.Release|Any CPU.Build.0 = Release|Any CPU
		{2E228295-EC6C-4389-B76F-B301ED4AEF3A}.Debug|Any CPU.ActiveCfg = Debug|Any CPU
		{2E228295-EC6C-4389-B76F-B301ED4AEF3A}.Debug|Any CPU.Build.0 = Debug|Any CPU
		{2E228295-EC6C-4389-B76F-B301ED4AEF3A}.Release|Any CPU.ActiveCfg = Release|Any CPU
		{2E228295-EC6C-4389-B76F-B301ED4AEF3A}.Release|Any CPU.Build.0 = Release|Any CPU
	EndGlobalSection
	GlobalSection(SolutionProperties) = preSolution
		HideSolutionNode = FALSE
	EndGlobalSection
	GlobalSection(NestedProjects) = preSolution
		{6E77DBE1-6820-4844-8162-B2346964C259} = {D7FF5CCC-7E71-4148-A64A-AAF37E777D6E}
		{8C08E668-2A65-48E8-BA26-5B826D1A5896} = {D7FF5CCC-7E71-4148-A64A-AAF37E777D6E}
		{D0A93A86-C69F-461F-9EDB-16D948C347FF} = {FE45A5FB-9A22-499D-B0BE-3221A8A692CA}
		{99AC78D4-0B00-4C6E-A545-C19468866F25} = {FE45A5FB-9A22-499D-B0BE-3221A8A692CA}
		{74ADAA28-DE06-40B1-986B-007D49ABACA3} = {FE45A5FB-9A22-499D-B0BE-3221A8A692CA}
		{54B6DE25-9FDE-4B6C-AE26-4A71CDBF7F53} = {FE45A5FB-9A22-499D-B0BE-3221A8A692CA}
		{120765C1-6C36-4599-B11A-14421C8E754D} = {D7FF5CCC-7E71-4148-A64A-AAF37E777D6E}
		{D53EAAEC-CDE2-42EB-AE39-3FF51E0B85E3} = {3626F8B7-DC18-4792-99C0-4E4AA3588ABC}
		{FD3ED945-51B2-4552-8A2F-2D3FA1132425} = {3626F8B7-DC18-4792-99C0-4E4AA3588ABC}
		{940380F5-D6BF-44EF-92F7-C80EB7BE5883} = {D7FF5CCC-7E71-4148-A64A-AAF37E777D6E}
		{2E228295-EC6C-4389-B76F-B301ED4AEF3A} = {D7FF5CCC-7E71-4148-A64A-AAF37E777D6E}
	EndGlobalSection
	GlobalSection(ExtensibilityGlobals) = postSolution
		SolutionGuid = {748AE680-2914-4777-8DD9-73C53395892D}
	EndGlobalSection
EndGlobal
